// !$*UTF8*$!
{
	archiveVersion = 1;
	classes = {
	};
	objectVersion = 56;
	objects = {

/* Begin PBXBuildFile section */
		8149A51BB2F10C9608D81596 /* Pods_Word_Hoard.framework in Frameworks */ = {isa = PBXBuildFile; fileRef = 6533E349487749167AF6D6F2 /* Pods_Word_Hoard.framework */; };
		EE690DD22924562000E8AD5A /* PurchaseViewController.swift in Sources */ = {isa = PBXBuildFile; fileRef = EE690DD12924562000E8AD5A /* PurchaseViewController.swift */; };
		EEB53278292403D20072CB65 /* AppDelegate.swift in Sources */ = {isa = PBXBuildFile; fileRef = EEB53277292403D20072CB65 /* AppDelegate.swift */; };
		EEB5327A292403D20072CB65 /* SceneDelegate.swift in Sources */ = {isa = PBXBuildFile; fileRef = EEB53279292403D20072CB65 /* SceneDelegate.swift */; };
		EEB53282292403D20072CB65 /* Word_Hoard.xcdatamodeld in Sources */ = {isa = PBXBuildFile; fileRef = EEB53280292403D20072CB65 /* Word_Hoard.xcdatamodeld */; };
		EEB53293292405790072CB65 /* String Keys.swift in Sources */ = {isa = PBXBuildFile; fileRef = EEB53292292405790072CB65 /* String Keys.swift */; };
		EEB53296292406830072CB65 /* Pacifico-Regular.ttf in Resources */ = {isa = PBXBuildFile; fileRef = EEB53295292406830072CB65 /* Pacifico-Regular.ttf */; };
		EEB532992924068B0072CB65 /* Sriracha-Regular.ttf in Resources */ = {isa = PBXBuildFile; fileRef = EEB532982924068B0072CB65 /* Sriracha-Regular.ttf */; };
		EEB5329E292406D20072CB65 /* wisom.json in Resources */ = {isa = PBXBuildFile; fileRef = EEB5329C292406D20072CB65 /* wisom.json */; };
		EEB5329F292406D20072CB65 /* brain.json in Resources */ = {isa = PBXBuildFile; fileRef = EEB5329D292406D20072CB65 /* brain.json */; };
		EEB532AE292406EA0072CB65 /* CoreDataManager.swift in Sources */ = {isa = PBXBuildFile; fileRef = EEB532A4292406EA0072CB65 /* CoreDataManager.swift */; };
		EEB532AF292406EA0072CB65 /* Internet Manager.swift in Sources */ = {isa = PBXBuildFile; fileRef = EEB532A5292406EA0072CB65 /* Internet Manager.swift */; };
		EEB532B0292406EA0072CB65 /* UI View Extension.swift in Sources */ = {isa = PBXBuildFile; fileRef = EEB532A7292406EA0072CB65 /* UI View Extension.swift */; };
		EEB532B1292406EA0072CB65 /* WordAlternative.swift in Sources */ = {isa = PBXBuildFile; fileRef = EEB532A9292406EA0072CB65 /* WordAlternative.swift */; };
		EEB532B2292406EA0072CB65 /* WordStructure.swift in Sources */ = {isa = PBXBuildFile; fileRef = EEB532AA292406EA0072CB65 /* WordStructure.swift */; };
		EEB532B3292406EA0072CB65 /* Dictonary Request.swift in Sources */ = {isa = PBXBuildFile; fileRef = EEB532AC292406EA0072CB65 /* Dictonary Request.swift */; };
		EEB532C1292407680072CB65 /* Home VC.swift in Sources */ = {isa = PBXBuildFile; fileRef = EEB532B7292407680072CB65 /* Home VC.swift */; };
		EEB532C2292407680072CB65 /* Select Categorie.swift in Sources */ = {isa = PBXBuildFile; fileRef = EEB532B8292407680072CB65 /* Select Categorie.swift */; };
		EEB532C3292407680072CB65 /* Words.swift in Sources */ = {isa = PBXBuildFile; fileRef = EEB532BA292407680072CB65 /* Words.swift */; };
		EEB532C4292407680072CB65 /* Categories.swift in Sources */ = {isa = PBXBuildFile; fileRef = EEB532BB292407680072CB65 /* Categories.swift */; };
		EEB532C5292407690072CB65 /* Add Word.swift in Sources */ = {isa = PBXBuildFile; fileRef = EEB532BD292407680072CB65 /* Add Word.swift */; };
		EEB532C6292407690072CB65 /* Add Collection.swift in Sources */ = {isa = PBXBuildFile; fileRef = EEB532BE292407680072CB65 /* Add Collection.swift */; };
		EEB532C7292407690072CB65 /* Sub Category.swift in Sources */ = {isa = PBXBuildFile; fileRef = EEB532BF292407680072CB65 /* Sub Category.swift */; };
		EEB532C8292407690072CB65 /* Add Multiple Words.swift in Sources */ = {isa = PBXBuildFile; fileRef = EEB532C0292407680072CB65 /* Add Multiple Words.swift */; };
		EEB532D8292407800072CB65 /* Home.swift in Sources */ = {isa = PBXBuildFile; fileRef = EEB532CB292407800072CB65 /* Home.swift */; };
		EEB532D9292407800072CB65 /* Category.swift in Sources */ = {isa = PBXBuildFile; fileRef = EEB532CC292407800072CB65 /* Category.swift */; };
		EEB532DA292407800072CB65 /* Word.swift in Sources */ = {isa = PBXBuildFile; fileRef = EEB532CD292407800072CB65 /* Word.swift */; };
		EEB532DB292407800072CB65 /* Words Review.swift in Sources */ = {isa = PBXBuildFile; fileRef = EEB532CE292407800072CB65 /* Words Review.swift */; };
		EEB532DD292407800072CB65 /* LaunchScreen.storyboard in Resources */ = {isa = PBXBuildFile; fileRef = EEB532D0292407800072CB65 /* LaunchScreen.storyboard */; };
		EEB532DE292407800072CB65 /* Main.storyboard in Resources */ = {isa = PBXBuildFile; fileRef = EEB532D2292407800072CB65 /* Main.storyboard */; };
		EEB532E0292407800072CB65 /* CustomView.storyboard in Resources */ = {isa = PBXBuildFile; fileRef = EEB532D5292407800072CB65 /* CustomView.storyboard */; };
		EEB532E52924079E0072CB65 /* Assets.xcassets in Resources */ = {isa = PBXBuildFile; fileRef = EEB532E42924079E0072CB65 /* Assets.xcassets */; };
		EEB532E7292410280072CB65 /* UserDefaultManager.swift in Sources */ = {isa = PBXBuildFile; fileRef = EEB532E6292410280072CB65 /* UserDefaultManager.swift */; };
		EEF951E3292551F50090B02C /* purchaseBackground2.json in Resources */ = {isa = PBXBuildFile; fileRef = EEF951E2292551F50090B02C /* purchaseBackground2.json */; };
		EEF951E5292551FA0090B02C /* purchaseBackground1.json in Resources */ = {isa = PBXBuildFile; fileRef = EEF951E4292551FA0090B02C /* purchaseBackground1.json */; };
		EEF951E92925548E0090B02C /* purchaseBackground3.json in Resources */ = {isa = PBXBuildFile; fileRef = EEF951E62925548E0090B02C /* purchaseBackground3.json */; };
		EEF951EA2925548E0090B02C /* purchaseBackground4.json in Resources */ = {isa = PBXBuildFile; fileRef = EEF951E72925548E0090B02C /* purchaseBackground4.json */; };
		EEF951EB2925548E0090B02C /* purchaseBackground5.json in Resources */ = {isa = PBXBuildFile; fileRef = EEF951E82925548E0090B02C /* purchaseBackground5.json */; };
/* End PBXBuildFile section */

/* Begin PBXFileReference section */
		6533E349487749167AF6D6F2 /* Pods_Word_Hoard.framework */ = {isa = PBXFileReference; explicitFileType = wrapper.framework; includeInIndex = 0; path = Pods_Word_Hoard.framework; sourceTree = BUILT_PRODUCTS_DIR; };
		8AAD2B43AEACDFB6BE4B35BE /* Pods-Word Hoard.debug.xcconfig */ = {isa = PBXFileReference; includeInIndex = 1; lastKnownFileType = text.xcconfig; name = "Pods-Word Hoard.debug.xcconfig"; path = "Target Support Files/Pods-Word Hoard/Pods-Word Hoard.debug.xcconfig"; sourceTree = "<group>"; };
		989B6CADF79D3DC3F88F79B8 /* Pods-Word Hoard.release.xcconfig */ = {isa = PBXFileReference; includeInIndex = 1; lastKnownFileType = text.xcconfig; name = "Pods-Word Hoard.release.xcconfig"; path = "Target Support Files/Pods-Word Hoard/Pods-Word Hoard.release.xcconfig"; sourceTree = "<group>"; };
		EE690DD12924562000E8AD5A /* PurchaseViewController.swift */ = {isa = PBXFileReference; lastKnownFileType = sourcecode.swift; path = PurchaseViewController.swift; sourceTree = "<group>"; };
		EEB53274292403D20072CB65 /* Word Hoard.app */ = {isa = PBXFileReference; explicitFileType = wrapper.application; includeInIndex = 0; path = "Word Hoard.app"; sourceTree = BUILT_PRODUCTS_DIR; };
		EEB53277292403D20072CB65 /* AppDelegate.swift */ = {isa = PBXFileReference; lastKnownFileType = sourcecode.swift; path = AppDelegate.swift; sourceTree = "<group>"; };
		EEB53279292403D20072CB65 /* SceneDelegate.swift */ = {isa = PBXFileReference; lastKnownFileType = sourcecode.swift; path = SceneDelegate.swift; sourceTree = "<group>"; };
		EEB53281292403D20072CB65 /* Word_Hoard.xcdatamodel */ = {isa = PBXFileReference; lastKnownFileType = wrapper.xcdatamodel; path = Word_Hoard.xcdatamodel; sourceTree = "<group>"; };
		EEB53288292403D30072CB65 /* Info.plist */ = {isa = PBXFileReference; lastKnownFileType = text.plist.xml; path = Info.plist; sourceTree = "<group>"; };
		EEB53292292405790072CB65 /* String Keys.swift */ = {isa = PBXFileReference; lastKnownFileType = sourcecode.swift; path = "String Keys.swift"; sourceTree = "<group>"; };
		EEB53295292406830072CB65 /* Pacifico-Regular.ttf */ = {isa = PBXFileReference; lastKnownFileType = file; path = "Pacifico-Regular.ttf"; sourceTree = "<group>"; };
		EEB532982924068B0072CB65 /* Sriracha-Regular.ttf */ = {isa = PBXFileReference; lastKnownFileType = file; path = "Sriracha-Regular.ttf"; sourceTree = "<group>"; };
		EEB5329C292406D20072CB65 /* wisom.json */ = {isa = PBXFileReference; fileEncoding = 4; lastKnownFileType = text.json; path = wisom.json; sourceTree = "<group>"; };
		EEB5329D292406D20072CB65 /* brain.json */ = {isa = PBXFileReference; fileEncoding = 4; lastKnownFileType = text.json; path = brain.json; sourceTree = "<group>"; };
		EEB532A4292406EA0072CB65 /* CoreDataManager.swift */ = {isa = PBXFileReference; fileEncoding = 4; lastKnownFileType = sourcecode.swift; path = CoreDataManager.swift; sourceTree = "<group>"; };
		EEB532A5292406EA0072CB65 /* Internet Manager.swift */ = {isa = PBXFileReference; fileEncoding = 4; lastKnownFileType = sourcecode.swift; path = "Internet Manager.swift"; sourceTree = "<group>"; };
		EEB532A7292406EA0072CB65 /* UI View Extension.swift */ = {isa = PBXFileReference; fileEncoding = 4; lastKnownFileType = sourcecode.swift; path = "UI View Extension.swift"; sourceTree = "<group>"; };
		EEB532A9292406EA0072CB65 /* WordAlternative.swift */ = {isa = PBXFileReference; fileEncoding = 4; lastKnownFileType = sourcecode.swift; path = WordAlternative.swift; sourceTree = "<group>"; };
		EEB532AA292406EA0072CB65 /* WordStructure.swift */ = {isa = PBXFileReference; fileEncoding = 4; lastKnownFileType = sourcecode.swift; path = WordStructure.swift; sourceTree = "<group>"; };
		EEB532AC292406EA0072CB65 /* Dictonary Request.swift */ = {isa = PBXFileReference; fileEncoding = 4; lastKnownFileType = sourcecode.swift; path = "Dictonary Request.swift"; sourceTree = "<group>"; };
		EEB532B7292407680072CB65 /* Home VC.swift */ = {isa = PBXFileReference; fileEncoding = 4; lastKnownFileType = sourcecode.swift; path = "Home VC.swift"; sourceTree = "<group>"; };
		EEB532B8292407680072CB65 /* Select Categorie.swift */ = {isa = PBXFileReference; fileEncoding = 4; lastKnownFileType = sourcecode.swift; path = "Select Categorie.swift"; sourceTree = "<group>"; };
		EEB532BA292407680072CB65 /* Words.swift */ = {isa = PBXFileReference; fileEncoding = 4; lastKnownFileType = sourcecode.swift; path = Words.swift; sourceTree = "<group>"; };
		EEB532BB292407680072CB65 /* Categories.swift */ = {isa = PBXFileReference; fileEncoding = 4; lastKnownFileType = sourcecode.swift; path = Categories.swift; sourceTree = "<group>"; };
		EEB532BD292407680072CB65 /* Add Word.swift */ = {isa = PBXFileReference; fileEncoding = 4; lastKnownFileType = sourcecode.swift; path = "Add Word.swift"; sourceTree = "<group>"; };
		EEB532BE292407680072CB65 /* Add Collection.swift */ = {isa = PBXFileReference; fileEncoding = 4; lastKnownFileType = sourcecode.swift; path = "Add Collection.swift"; sourceTree = "<group>"; };
		EEB532BF292407680072CB65 /* Sub Category.swift */ = {isa = PBXFileReference; fileEncoding = 4; lastKnownFileType = sourcecode.swift; path = "Sub Category.swift"; sourceTree = "<group>"; };
		EEB532C0292407680072CB65 /* Add Multiple Words.swift */ = {isa = PBXFileReference; fileEncoding = 4; lastKnownFileType = sourcecode.swift; path = "Add Multiple Words.swift"; sourceTree = "<group>"; };
		EEB532CB292407800072CB65 /* Home.swift */ = {isa = PBXFileReference; fileEncoding = 4; lastKnownFileType = sourcecode.swift; path = Home.swift; sourceTree = "<group>"; };
		EEB532CC292407800072CB65 /* Category.swift */ = {isa = PBXFileReference; fileEncoding = 4; lastKnownFileType = sourcecode.swift; path = Category.swift; sourceTree = "<group>"; };
		EEB532CD292407800072CB65 /* Word.swift */ = {isa = PBXFileReference; fileEncoding = 4; lastKnownFileType = sourcecode.swift; path = Word.swift; sourceTree = "<group>"; };
		EEB532CE292407800072CB65 /* Words Review.swift */ = {isa = PBXFileReference; fileEncoding = 4; lastKnownFileType = sourcecode.swift; path = "Words Review.swift"; sourceTree = "<group>"; };
		EEB532D1292407800072CB65 /* Base */ = {isa = PBXFileReference; lastKnownFileType = file.storyboard; name = Base; path = Base.lproj/LaunchScreen.storyboard; sourceTree = "<group>"; };
		EEB532D3292407800072CB65 /* Base */ = {isa = PBXFileReference; lastKnownFileType = file.storyboard; name = Base; path = Base.lproj/Main.storyboard; sourceTree = "<group>"; };
		EEB532D5292407800072CB65 /* CustomView.storyboard */ = {isa = PBXFileReference; fileEncoding = 4; lastKnownFileType = file.storyboard; path = CustomView.storyboard; sourceTree = "<group>"; };
		EEB532E42924079E0072CB65 /* Assets.xcassets */ = {isa = PBXFileReference; lastKnownFileType = folder.assetcatalog; path = Assets.xcassets; sourceTree = "<group>"; };
		EEB532E6292410280072CB65 /* UserDefaultManager.swift */ = {isa = PBXFileReference; lastKnownFileType = sourcecode.swift; path = UserDefaultManager.swift; sourceTree = "<group>"; };
		EEF951E1292464B70090B02C /* Cinzel-VariableFont_wght.ttf */ = {isa = PBXFileReference; lastKnownFileType = file; path = "Cinzel-VariableFont_wght.ttf"; sourceTree = "<group>"; };
		EEF951E2292551F50090B02C /* purchaseBackground2.json */ = {isa = PBXFileReference; fileEncoding = 4; lastKnownFileType = text.json; path = purchaseBackground2.json; sourceTree = "<group>"; };
		EEF951E4292551FA0090B02C /* purchaseBackground1.json */ = {isa = PBXFileReference; fileEncoding = 4; lastKnownFileType = text.json; path = purchaseBackground1.json; sourceTree = "<group>"; };
		EEF951E62925548E0090B02C /* purchaseBackground3.json */ = {isa = PBXFileReference; fileEncoding = 4; lastKnownFileType = text.json; path = purchaseBackground3.json; sourceTree = "<group>"; };
		EEF951E72925548E0090B02C /* purchaseBackground4.json */ = {isa = PBXFileReference; fileEncoding = 4; lastKnownFileType = text.json; path = purchaseBackground4.json; sourceTree = "<group>"; };
		EEF951E82925548E0090B02C /* purchaseBackground5.json */ = {isa = PBXFileReference; fileEncoding = 4; lastKnownFileType = text.json; path = purchaseBackground5.json; sourceTree = "<group>"; };
/* End PBXFileReference section */

/* Begin PBXFrameworksBuildPhase section */
		EEB53271292403D20072CB65 /* Frameworks */ = {
			isa = PBXFrameworksBuildPhase;
			buildActionMask = 2147483647;
			files = (
				8149A51BB2F10C9608D81596 /* Pods_Word_Hoard.framework in Frameworks */,
			);
			runOnlyForDeploymentPostprocessing = 0;
		};
/* End PBXFrameworksBuildPhase section */

/* Begin PBXGroup section */
		3D337445E79E197F099CEF6D /* Pods */ = {
			isa = PBXGroup;
			children = (
				8AAD2B43AEACDFB6BE4B35BE /* Pods-Word Hoard.debug.xcconfig */,
				989B6CADF79D3DC3F88F79B8 /* Pods-Word Hoard.release.xcconfig */,
			);
			path = Pods;
			sourceTree = "<group>";
		};
		7EEAAFB2075D0547E9EC275C /* Frameworks */ = {
			isa = PBXGroup;
			children = (
				6533E349487749167AF6D6F2 /* Pods_Word_Hoard.framework */,
			);
			name = Frameworks;
			sourceTree = "<group>";
		};
		EEB5326B292403D20072CB65 = {
			isa = PBXGroup;
			children = (
				EEB53276292403D20072CB65 /* Word Hoard */,
				EEB53275292403D20072CB65 /* Products */,
				3D337445E79E197F099CEF6D /* Pods */,
				7EEAAFB2075D0547E9EC275C /* Frameworks */,
			);
			sourceTree = "<group>";
		};
		EEB53275292403D20072CB65 /* Products */ = {
			isa = PBXGroup;
			children = (
				EEB53274292403D20072CB65 /* Word Hoard.app */,
			);
			name = Products;
			sourceTree = "<group>";
		};
		EEB53276292403D20072CB65 /* Word Hoard */ = {
			isa = PBXGroup;
			children = (
				EE690DD12924562000E8AD5A /* PurchaseViewController.swift */,
				EEB53291292405240072CB65 /* App and Scene Delgate */,
				EEB5329A292406910072CB65 /* Fonts */,
				EEB5329B292406D20072CB65 /* Lottie */,
				EEB532A0292406EA0072CB65 /* Model */,
				EEB532B5292407680072CB65 /* Controller */,
				EEB532C9292407800072CB65 /* View */,
				EEB532E32924079E0072CB65 /* Assets */,
				EEB53288292403D30072CB65 /* Info.plist */,
				EEB532B4292407210072CB65 /* Containers */,
			);
			path = "Word Hoard";
			sourceTree = "<group>";
		};
		EEB53291292405240072CB65 /* App and Scene Delgate */ = {
			isa = PBXGroup;
			children = (
				EEB53277292403D20072CB65 /* AppDelegate.swift */,
				EEB53279292403D20072CB65 /* SceneDelegate.swift */,
			);
			path = "App and Scene Delgate";
			sourceTree = "<group>";
		};
		EEB53294292406830072CB65 /* Pacifico */ = {
			isa = PBXGroup;
			children = (
				EEB53295292406830072CB65 /* Pacifico-Regular.ttf */,
			);
			path = Pacifico;
			sourceTree = "<group>";
		};
		EEB532972924068B0072CB65 /* Sriracha */ = {
			isa = PBXGroup;
			children = (
				EEB532982924068B0072CB65 /* Sriracha-Regular.ttf */,
			);
			path = Sriracha;
			sourceTree = "<group>";
		};
		EEB5329A292406910072CB65 /* Fonts */ = {
			isa = PBXGroup;
			children = (
				EEF951E1292464B70090B02C /* Cinzel-VariableFont_wght.ttf */,
				EEB53294292406830072CB65 /* Pacifico */,
				EEB532972924068B0072CB65 /* Sriracha */,
			);
			path = Fonts;
			sourceTree = "<group>";
		};
		EEB5329B292406D20072CB65 /* Lottie */ = {
			isa = PBXGroup;
			children = (
				EEB5329C292406D20072CB65 /* wisom.json */,
				EEB5329D292406D20072CB65 /* brain.json */,
				EEF951E2292551F50090B02C /* purchaseBackground2.json */,
				EEF951E4292551FA0090B02C /* purchaseBackground1.json */,
				EEF951E62925548E0090B02C /* purchaseBackground3.json */,
				EEF951E72925548E0090B02C /* purchaseBackground4.json */,
				EEF951E82925548E0090B02C /* purchaseBackground5.json */,
			);
			path = Lottie;
			sourceTree = "<group>";
		};
		EEB532A0292406EA0072CB65 /* Model */ = {
			isa = PBXGroup;
			children = (
				EEB532A1292406EA0072CB65 /* Strings */,
				EEB532A3292406EA0072CB65 /* Managers */,
				EEB532A6292406EA0072CB65 /* Extensions */,
				EEB532A8292406EA0072CB65 /* Word */,
				EEB532AB292406EA0072CB65 /* API Calls */,
			);
			path = Model;
			sourceTree = "<group>";
		};
		EEB532A1292406EA0072CB65 /* Strings */ = {
			isa = PBXGroup;
			children = (
				EEB53292292405790072CB65 /* String Keys.swift */,
			);
			path = Strings;
			sourceTree = "<group>";
		};
		EEB532A3292406EA0072CB65 /* Managers */ = {
			isa = PBXGroup;
			children = (
				EEB532A4292406EA0072CB65 /* CoreDataManager.swift */,
				EEB532E6292410280072CB65 /* UserDefaultManager.swift */,
				EEB532A5292406EA0072CB65 /* Internet Manager.swift */,
			);
			path = Managers;
			sourceTree = "<group>";
		};
		EEB532A6292406EA0072CB65 /* Extensions */ = {
			isa = PBXGroup;
			children = (
				EEB532A7292406EA0072CB65 /* UI View Extension.swift */,
			);
			path = Extensions;
			sourceTree = "<group>";
		};
		EEB532A8292406EA0072CB65 /* Word */ = {
			isa = PBXGroup;
			children = (
				EEB532A9292406EA0072CB65 /* WordAlternative.swift */,
				EEB532AA292406EA0072CB65 /* WordStructure.swift */,
			);
			path = Word;
			sourceTree = "<group>";
		};
		EEB532AB292406EA0072CB65 /* API Calls */ = {
			isa = PBXGroup;
			children = (
				EEB532AC292406EA0072CB65 /* Dictonary Request.swift */,
			);
			path = "API Calls";
			sourceTree = "<group>";
		};
		EEB532B4292407210072CB65 /* Containers */ = {
			isa = PBXGroup;
			children = (
				EEB53280292403D20072CB65 /* Word_Hoard.xcdatamodeld */,
			);
			path = Containers;
			sourceTree = "<group>";
		};
		EEB532B5292407680072CB65 /* Controller */ = {
			isa = PBXGroup;
			children = (
				EEB532B6292407680072CB65 /* Home */,
				EEB532B9292407680072CB65 /* Lists */,
				EEB532BC292407680072CB65 /* Add  */,
			);
			path = Controller;
			sourceTree = "<group>";
		};
		EEB532B6292407680072CB65 /* Home */ = {
			isa = PBXGroup;
			children = (
				EEB532B7292407680072CB65 /* Home VC.swift */,
				EEB532B8292407680072CB65 /* Select Categorie.swift */,
			);
			path = Home;
			sourceTree = "<group>";
		};
		EEB532B9292407680072CB65 /* Lists */ = {
			isa = PBXGroup;
			children = (
				EEB532BA292407680072CB65 /* Words.swift */,
				EEB532BB292407680072CB65 /* Categories.swift */,
			);
			path = Lists;
			sourceTree = "<group>";
		};
		EEB532BC292407680072CB65 /* Add  */ = {
			isa = PBXGroup;
			children = (
				EEB532BD292407680072CB65 /* Add Word.swift */,
				EEB532BE292407680072CB65 /* Add Collection.swift */,
				EEB532BF292407680072CB65 /* Sub Category.swift */,
				EEB532C0292407680072CB65 /* Add Multiple Words.swift */,
			);
			path = "Add ";
			sourceTree = "<group>";
		};
		EEB532C9292407800072CB65 /* View */ = {
			isa = PBXGroup;
			children = (
				EEB532CA292407800072CB65 /* TableViewCells */,
				EEB532D0292407800072CB65 /* LaunchScreen.storyboard */,
				EEB532D2292407800072CB65 /* Main.storyboard */,
				EEB532D5292407800072CB65 /* CustomView.storyboard */,
			);
			path = View;
			sourceTree = "<group>";
		};
		EEB532CA292407800072CB65 /* TableViewCells */ = {
			isa = PBXGroup;
			children = (
				EEB532CB292407800072CB65 /* Home.swift */,
				EEB532CC292407800072CB65 /* Category.swift */,
				EEB532CD292407800072CB65 /* Word.swift */,
				EEB532CE292407800072CB65 /* Words Review.swift */,
			);
			path = TableViewCells;
			sourceTree = "<group>";
		};
		EEB532E32924079E0072CB65 /* Assets */ = {
			isa = PBXGroup;
			children = (
				EEB532E42924079E0072CB65 /* Assets.xcassets */,
			);
			path = Assets;
			sourceTree = "<group>";
		};
/* End PBXGroup section */

/* Begin PBXNativeTarget section */
		EEB53273292403D20072CB65 /* Word Hoard */ = {
			isa = PBXNativeTarget;
			buildConfigurationList = EEB5328B292403D30072CB65 /* Build configuration list for PBXNativeTarget "Word Hoard" */;
			buildPhases = (
				2612FE6CC2C15D1899EB2DEB /* [CP] Check Pods Manifest.lock */,
				EEB53270292403D20072CB65 /* Sources */,
				EEB53271292403D20072CB65 /* Frameworks */,
				EEB53272292403D20072CB65 /* Resources */,
				5AAD4F47ED865C0EA7A25C5D /* [CP] Embed Pods Frameworks */,
			);
			buildRules = (
			);
			dependencies = (
			);
			name = "Word Hoard";
			productName = "Word Hoard";
			productReference = EEB53274292403D20072CB65 /* Word Hoard.app */;
			productType = "com.apple.product-type.application";
		};
/* End PBXNativeTarget section */

/* Begin PBXProject section */
		EEB5326C292403D20072CB65 /* Project object */ = {
			isa = PBXProject;
			attributes = {
				BuildIndependentTargetsInParallel = 1;
				LastSwiftUpdateCheck = 1410;
				LastUpgradeCheck = 1410;
				TargetAttributes = {
					EEB53273292403D20072CB65 = {
						CreatedOnToolsVersion = 14.1;
					};
				};
			};
			buildConfigurationList = EEB5326F292403D20072CB65 /* Build configuration list for PBXProject "Word Hoard" */;
			compatibilityVersion = "Xcode 14.0";
			developmentRegion = en;
			hasScannedForEncodings = 0;
			knownRegions = (
				en,
				Base,
			);
			mainGroup = EEB5326B292403D20072CB65;
			productRefGroup = EEB53275292403D20072CB65 /* Products */;
			projectDirPath = "";
			projectRoot = "";
			targets = (
				EEB53273292403D20072CB65 /* Word Hoard */,
			);
		};
/* End PBXProject section */

/* Begin PBXResourcesBuildPhase section */
		EEB53272292403D20072CB65 /* Resources */ = {
			isa = PBXResourcesBuildPhase;
			buildActionMask = 2147483647;
			files = (
				EEB532DE292407800072CB65 /* Main.storyboard in Resources */,
				EEF951E92925548E0090B02C /* purchaseBackground3.json in Resources */,
				EEB53296292406830072CB65 /* Pacifico-Regular.ttf in Resources */,
				EEF951E5292551FA0090B02C /* purchaseBackground1.json in Resources */,
				EEB532E0292407800072CB65 /* CustomView.storyboard in Resources */,
				EEB5329F292406D20072CB65 /* brain.json in Resources */,
				EEB532DD292407800072CB65 /* LaunchScreen.storyboard in Resources */,
				EEB532992924068B0072CB65 /* Sriracha-Regular.ttf in Resources */,
				EEB532E52924079E0072CB65 /* Assets.xcassets in Resources */,
				EEB5329E292406D20072CB65 /* wisom.json in Resources */,
				EEF951E3292551F50090B02C /* purchaseBackground2.json in Resources */,
				EEF951EA2925548E0090B02C /* purchaseBackground4.json in Resources */,
				EEF951EB2925548E0090B02C /* purchaseBackground5.json in Resources */,
			);
			runOnlyForDeploymentPostprocessing = 0;
		};
/* End PBXResourcesBuildPhase section */

/* Begin PBXShellScriptBuildPhase section */
		2612FE6CC2C15D1899EB2DEB /* [CP] Check Pods Manifest.lock */ = {
			isa = PBXShellScriptBuildPhase;
			buildActionMask = 2147483647;
			files = (
			);
			inputFileListPaths = (
			);
			inputPaths = (
				"${PODS_PODFILE_DIR_PATH}/Podfile.lock",
				"${PODS_ROOT}/Manifest.lock",
			);
			name = "[CP] Check Pods Manifest.lock";
			outputFileListPaths = (
			);
			outputPaths = (
				"$(DERIVED_FILE_DIR)/Pods-Word Hoard-checkManifestLockResult.txt",
			);
			runOnlyForDeploymentPostprocessing = 0;
			shellPath = /bin/sh;
			shellScript = "diff \"${PODS_PODFILE_DIR_PATH}/Podfile.lock\" \"${PODS_ROOT}/Manifest.lock\" > /dev/null\nif [ $? != 0 ] ; then\n    # print error to STDERR\n    echo \"error: The sandbox is not in sync with the Podfile.lock. Run 'pod install' or update your CocoaPods installation.\" >&2\n    exit 1\nfi\n# This output is used by Xcode 'outputs' to avoid re-running this script phase.\necho \"SUCCESS\" > \"${SCRIPT_OUTPUT_FILE_0}\"\n";
			showEnvVarsInLog = 0;
		};
		5AAD4F47ED865C0EA7A25C5D /* [CP] Embed Pods Frameworks */ = {
			isa = PBXShellScriptBuildPhase;
			buildActionMask = 2147483647;
			files = (
			);
			inputFileListPaths = (
				"${PODS_ROOT}/Target Support Files/Pods-Word Hoard/Pods-Word Hoard-frameworks-${CONFIGURATION}-input-files.xcfilelist",
			);
			name = "[CP] Embed Pods Frameworks";
			outputFileListPaths = (
				"${PODS_ROOT}/Target Support Files/Pods-Word Hoard/Pods-Word Hoard-frameworks-${CONFIGURATION}-output-files.xcfilelist",
			);
			runOnlyForDeploymentPostprocessing = 0;
			shellPath = /bin/sh;
			shellScript = "\"${PODS_ROOT}/Target Support Files/Pods-Word Hoard/Pods-Word Hoard-frameworks.sh\"\n";
			showEnvVarsInLog = 0;
		};
/* End PBXShellScriptBuildPhase section */

/* Begin PBXSourcesBuildPhase section */
		EEB53270292403D20072CB65 /* Sources */ = {
			isa = PBXSourcesBuildPhase;
			buildActionMask = 2147483647;
			files = (
				EEB53293292405790072CB65 /* String Keys.swift in Sources */,
				EEB53282292403D20072CB65 /* Word_Hoard.xcdatamodeld in Sources */,
				EEB532E7292410280072CB65 /* UserDefaultManager.swift in Sources */,
				EEB532C6292407690072CB65 /* Add Collection.swift in Sources */,
				EEB532C7292407690072CB65 /* Sub Category.swift in Sources */,
				EEB532C4292407680072CB65 /* Categories.swift in Sources */,
				EEB532B2292406EA0072CB65 /* WordStructure.swift in Sources */,
				EEB532C2292407680072CB65 /* Select Categorie.swift in Sources */,
				EEB532B3292406EA0072CB65 /* Dictonary Request.swift in Sources */,
				EEB532DA292407800072CB65 /* Word.swift in Sources */,
				EEB53278292403D20072CB65 /* AppDelegate.swift in Sources */,
				EEB532D8292407800072CB65 /* Home.swift in Sources */,
				EEB532C3292407680072CB65 /* Words.swift in Sources */,
				EEB532D9292407800072CB65 /* Category.swift in Sources */,
				EEB532C1292407680072CB65 /* Home VC.swift in Sources */,
				EEB532DB292407800072CB65 /* Words Review.swift in Sources */,
				EEB532B0292406EA0072CB65 /* UI View Extension.swift in Sources */,
				EE690DD22924562000E8AD5A /* PurchaseViewController.swift in Sources */,
				EEB5327A292403D20072CB65 /* SceneDelegate.swift in Sources */,
				EEB532AF292406EA0072CB65 /* Internet Manager.swift in Sources */,
				EEB532AE292406EA0072CB65 /* CoreDataManager.swift in Sources */,
				EEB532C5292407690072CB65 /* Add Word.swift in Sources */,
				EEB532C8292407690072CB65 /* Add Multiple Words.swift in Sources */,
				EEB532B1292406EA0072CB65 /* WordAlternative.swift in Sources */,
			);
			runOnlyForDeploymentPostprocessing = 0;
		};
/* End PBXSourcesBuildPhase section */

/* Begin PBXVariantGroup section */
		EEB532D0292407800072CB65 /* LaunchScreen.storyboard */ = {
			isa = PBXVariantGroup;
			children = (
				EEB532D1292407800072CB65 /* Base */,
			);
			name = LaunchScreen.storyboard;
			sourceTree = "<group>";
		};
		EEB532D2292407800072CB65 /* Main.storyboard */ = {
			isa = PBXVariantGroup;
			children = (
				EEB532D3292407800072CB65 /* Base */,
			);
			name = Main.storyboard;
			sourceTree = "<group>";
		};
/* End PBXVariantGroup section */

/* Begin XCBuildConfiguration section */
		EEB53289292403D30072CB65 /* Debug */ = {
			isa = XCBuildConfiguration;
			buildSettings = {
				ALWAYS_SEARCH_USER_PATHS = NO;
				CLANG_ANALYZER_NONNULL = YES;
				CLANG_ANALYZER_NUMBER_OBJECT_CONVERSION = YES_AGGRESSIVE;
				CLANG_CXX_LANGUAGE_STANDARD = "gnu++20";
				CLANG_ENABLE_MODULES = YES;
				CLANG_ENABLE_OBJC_ARC = YES;
				CLANG_ENABLE_OBJC_WEAK = YES;
				CLANG_WARN_BLOCK_CAPTURE_AUTORELEASING = YES;
				CLANG_WARN_BOOL_CONVERSION = YES;
				CLANG_WARN_COMMA = YES;
				CLANG_WARN_CONSTANT_CONVERSION = YES;
				CLANG_WARN_DEPRECATED_OBJC_IMPLEMENTATIONS = YES;
				CLANG_WARN_DIRECT_OBJC_ISA_USAGE = YES_ERROR;
				CLANG_WARN_DOCUMENTATION_COMMENTS = YES;
				CLANG_WARN_EMPTY_BODY = YES;
				CLANG_WARN_ENUM_CONVERSION = YES;
				CLANG_WARN_INFINITE_RECURSION = YES;
				CLANG_WARN_INT_CONVERSION = YES;
				CLANG_WARN_NON_LITERAL_NULL_CONVERSION = YES;
				CLANG_WARN_OBJC_IMPLICIT_RETAIN_SELF = YES;
				CLANG_WARN_OBJC_LITERAL_CONVERSION = YES;
				CLANG_WARN_OBJC_ROOT_CLASS = YES_ERROR;
				CLANG_WARN_QUOTED_INCLUDE_IN_FRAMEWORK_HEADER = YES;
				CLANG_WARN_RANGE_LOOP_ANALYSIS = YES;
				CLANG_WARN_STRICT_PROTOTYPES = YES;
				CLANG_WARN_SUSPICIOUS_MOVE = YES;
				CLANG_WARN_UNGUARDED_AVAILABILITY = YES_AGGRESSIVE;
				CLANG_WARN_UNREACHABLE_CODE = YES;
				CLANG_WARN__DUPLICATE_METHOD_MATCH = YES;
				COPY_PHASE_STRIP = NO;
				DEBUG_INFORMATION_FORMAT = dwarf;
				ENABLE_STRICT_OBJC_MSGSEND = YES;
				ENABLE_TESTABILITY = YES;
				GCC_C_LANGUAGE_STANDARD = gnu11;
				GCC_DYNAMIC_NO_PIC = NO;
				GCC_NO_COMMON_BLOCKS = YES;
				GCC_OPTIMIZATION_LEVEL = 0;
				GCC_PREPROCESSOR_DEFINITIONS = (
					"DEBUG=1",
					"$(inherited)",
				);
				GCC_WARN_64_TO_32_BIT_CONVERSION = YES;
				GCC_WARN_ABOUT_RETURN_TYPE = YES_ERROR;
				GCC_WARN_UNDECLARED_SELECTOR = YES;
				GCC_WARN_UNINITIALIZED_AUTOS = YES_AGGRESSIVE;
				GCC_WARN_UNUSED_FUNCTION = YES;
				GCC_WARN_UNUSED_VARIABLE = YES;
				IPHONEOS_DEPLOYMENT_TARGET = 16.1;
				MTL_ENABLE_DEBUG_INFO = INCLUDE_SOURCE;
				MTL_FAST_MATH = YES;
				ONLY_ACTIVE_ARCH = YES;
				SDKROOT = iphoneos;
				SWIFT_ACTIVE_COMPILATION_CONDITIONS = DEBUG;
				SWIFT_OPTIMIZATION_LEVEL = "-Onone";
			};
			name = Debug;
		};
		EEB5328A292403D30072CB65 /* Release */ = {
			isa = XCBuildConfiguration;
			buildSettings = {
				ALWAYS_SEARCH_USER_PATHS = NO;
				CLANG_ANALYZER_NONNULL = YES;
				CLANG_ANALYZER_NUMBER_OBJECT_CONVERSION = YES_AGGRESSIVE;
				CLANG_CXX_LANGUAGE_STANDARD = "gnu++20";
				CLANG_ENABLE_MODULES = YES;
				CLANG_ENABLE_OBJC_ARC = YES;
				CLANG_ENABLE_OBJC_WEAK = YES;
				CLANG_WARN_BLOCK_CAPTURE_AUTORELEASING = YES;
				CLANG_WARN_BOOL_CONVERSION = YES;
				CLANG_WARN_COMMA = YES;
				CLANG_WARN_CONSTANT_CONVERSION = YES;
				CLANG_WARN_DEPRECATED_OBJC_IMPLEMENTATIONS = YES;
				CLANG_WARN_DIRECT_OBJC_ISA_USAGE = YES_ERROR;
				CLANG_WARN_DOCUMENTATION_COMMENTS = YES;
				CLANG_WARN_EMPTY_BODY = YES;
				CLANG_WARN_ENUM_CONVERSION = YES;
				CLANG_WARN_INFINITE_RECURSION = YES;
				CLANG_WARN_INT_CONVERSION = YES;
				CLANG_WARN_NON_LITERAL_NULL_CONVERSION = YES;
				CLANG_WARN_OBJC_IMPLICIT_RETAIN_SELF = YES;
				CLANG_WARN_OBJC_LITERAL_CONVERSION = YES;
				CLANG_WARN_OBJC_ROOT_CLASS = YES_ERROR;
				CLANG_WARN_QUOTED_INCLUDE_IN_FRAMEWORK_HEADER = YES;
				CLANG_WARN_RANGE_LOOP_ANALYSIS = YES;
				CLANG_WARN_STRICT_PROTOTYPES = YES;
				CLANG_WARN_SUSPICIOUS_MOVE = YES;
				CLANG_WARN_UNGUARDED_AVAILABILITY = YES_AGGRESSIVE;
				CLANG_WARN_UNREACHABLE_CODE = YES;
				CLANG_WARN__DUPLICATE_METHOD_MATCH = YES;
				COPY_PHASE_STRIP = NO;
				DEBUG_INFORMATION_FORMAT = "dwarf-with-dsym";
				ENABLE_NS_ASSERTIONS = NO;
				ENABLE_STRICT_OBJC_MSGSEND = YES;
				GCC_C_LANGUAGE_STANDARD = gnu11;
				GCC_NO_COMMON_BLOCKS = YES;
				GCC_WARN_64_TO_32_BIT_CONVERSION = YES;
				GCC_WARN_ABOUT_RETURN_TYPE = YES_ERROR;
				GCC_WARN_UNDECLARED_SELECTOR = YES;
				GCC_WARN_UNINITIALIZED_AUTOS = YES_AGGRESSIVE;
				GCC_WARN_UNUSED_FUNCTION = YES;
				GCC_WARN_UNUSED_VARIABLE = YES;
				IPHONEOS_DEPLOYMENT_TARGET = 16.1;
				MTL_ENABLE_DEBUG_INFO = NO;
				MTL_FAST_MATH = YES;
				SDKROOT = iphoneos;
				SWIFT_COMPILATION_MODE = wholemodule;
				SWIFT_OPTIMIZATION_LEVEL = "-O";
				VALIDATE_PRODUCT = YES;
			};
			name = Release;
		};
		EEB5328C292403D30072CB65 /* Debug */ = {
			isa = XCBuildConfiguration;
			baseConfigurationReference = 8AAD2B43AEACDFB6BE4B35BE /* Pods-Word Hoard.debug.xcconfig */;
			buildSettings = {
				ASSETCATALOG_COMPILER_APPICON_NAME = AppIcon;
				ASSETCATALOG_COMPILER_GLOBAL_ACCENT_COLOR_NAME = AccentColor;
				CODE_SIGN_STYLE = Automatic;
				CURRENT_PROJECT_VERSION = 1;
				DEVELOPMENT_TEAM = 4G4YKXJ9A6;
				GENERATE_INFOPLIST_FILE = YES;
				INFOPLIST_FILE = "Word Hoard/Info.plist";
				INFOPLIST_KEY_UIApplicationSupportsIndirectInputEvents = YES;
				INFOPLIST_KEY_UILaunchStoryboardName = LaunchScreen;
				INFOPLIST_KEY_UIMainStoryboardFile = Main;
				INFOPLIST_KEY_UISupportedInterfaceOrientations_iPad = "UIInterfaceOrientationPortrait UIInterfaceOrientationPortraitUpsideDown UIInterfaceOrientationLandscapeLeft UIInterfaceOrientationLandscapeRight";
				INFOPLIST_KEY_UISupportedInterfaceOrientations_iPhone = "UIInterfaceOrientationPortrait UIInterfaceOrientationLandscapeLeft UIInterfaceOrientationLandscapeRight";
				LD_RUNPATH_SEARCH_PATHS = (
					"$(inherited)",
					"@executable_path/Frameworks",
				);
				MARKETING_VERSION = 1.0;
				PRODUCT_BUNDLE_IDENTIFIER = "Phone-Village.Word-Hoard";
				PRODUCT_NAME = "$(TARGET_NAME)";
				SWIFT_EMIT_LOC_STRINGS = YES;
				SWIFT_VERSION = 5.0;
				TARGETED_DEVICE_FAMILY = "1,2";
			};
			name = Debug;
		};
		EEB5328D292403D30072CB65 /* Release */ = {
			isa = XCBuildConfiguration;
			baseConfigurationReference = 989B6CADF79D3DC3F88F79B8 /* Pods-Word Hoard.release.xcconfig */;
			buildSettings = {
				ASSETCATALOG_COMPILER_APPICON_NAME = AppIcon;
				ASSETCATALOG_COMPILER_GLOBAL_ACCENT_COLOR_NAME = AccentColor;
				CODE_SIGN_STYLE = Automatic;
				CURRENT_PROJECT_VERSION = 1;
				DEVELOPMENT_TEAM = 4G4YKXJ9A6;
				GENERATE_INFOPLIST_FILE = YES;
				INFOPLIST_FILE = "Word Hoard/Info.plist";
				INFOPLIST_KEY_UIApplicationSupportsIndirectInputEvents = YES;
				INFOPLIST_KEY_UILaunchStoryboardName = LaunchScreen;
				INFOPLIST_KEY_UIMainStoryboardFile = Main;
				INFOPLIST_KEY_UISupportedInterfaceOrientations_iPad = "UIInterfaceOrientationPortrait UIInterfaceOrientationPortraitUpsideDown UIInterfaceOrientationLandscapeLeft UIInterfaceOrientationLandscapeRight";
				INFOPLIST_KEY_UISupportedInterfaceOrientations_iPhone = "UIInterfaceOrientationPortrait UIInterfaceOrientationLandscapeLeft UIInterfaceOrientationLandscapeRight";
				LD_RUNPATH_SEARCH_PATHS = (
					"$(inherited)",
					"@executable_path/Frameworks",
				);
				MARKETING_VERSION = 1.0;
				PRODUCT_BUNDLE_IDENTIFIER = "Phone-Village.Word-Hoard";
				PRODUCT_NAME = "$(TARGET_NAME)";
				SWIFT_EMIT_LOC_STRINGS = YES;
				SWIFT_VERSION = 5.0;
				TARGETED_DEVICE_FAMILY = "1,2";
			};
			name = Release;
		};
/* End XCBuildConfiguration section */

/* Begin XCConfigurationList section */
		EEB5326F292403D20072CB65 /* Build configuration list for PBXProject "Word Hoard" */ = {
			isa = XCConfigurationList;
			buildConfigurations = (
				EEB53289292403D30072CB65 /* Debug */,
				EEB5328A292403D30072CB65 /* Release */,
			);
			defaultConfigurationIsVisible = 0;
			defaultConfigurationName = Release;
		};
		EEB5328B292403D30072CB65 /* Build configuration list for PBXNativeTarget "Word Hoard" */ = {
			isa = XCConfigurationList;
			buildConfigurations = (
				EEB5328C292403D30072CB65 /* Debug */,
				EEB5328D292403D30072CB65 /* Release */,
			);
			defaultConfigurationIsVisible = 0;
			defaultConfigurationName = Release;
		};
/* End XCConfigurationList section */

/* Begin XCVersionGroup section */
		EEB53280292403D20072CB65 /* Word_Hoard.xcdatamodeld */ = {
			isa = XCVersionGroup;
			children = (
				EEB53281292403D20072CB65 /* Word_Hoard.xcdatamodel */,
			);
			currentVersion = EEB53281292403D20072CB65 /* Word_Hoard.xcdatamodel */;
			path = Word_Hoard.xcdatamodeld;
			sourceTree = "<group>";
			versionGroupType = wrapper.xcdatamodel;
		};
/* End XCVersionGroup section */
	};
	rootObject = EEB5326C292403D20072CB65 /* Project object */;
}
